
Microsoft Visual Studio Solution File, Format Version 12.00
# Visual Studio Version 17
VisualStudioVersion = 17.0.31903.59
MinimumVisualStudioVersion = 10.0.40219.1
Project("{FAE04EC0-301F-11D3-BF4B-00C04F79EFBC}") = "Calculo-IMC", "Calculo-IMC\Calculo-IMC.csproj", "{E04ACA3E-B638-4F85-9CE5-0BEAE773285C}"
EndProject
Global
	GlobalSection(SolutionConfigurationPlatforms) = preSolution
		Debug|Any CPU = Debug|Any CPU
		Release|Any CPU = Release|Any CPU
	EndGlobalSection
	GlobalSection(ProjectConfigurationPlatforms) = postSolution
		{E04ACA3E-B638-4F85-9CE5-0BEAE773285C}.Debug|Any CPU.ActiveCfg = Debug|Any CPU
		{E04ACA3E-B638-4F85-9CE5-0BEAE773285C}.Debug|Any CPU.Build.0 = Debug|Any CPU
		{E04ACA3E-B638-4F85-9CE5-0BEAE773285C}.Release|Any CPU.ActiveCfg = Release|Any CPU
		{E04ACA3E-B638-4F85-9CE5-0BEAE773285C}.Release|Any CPU.Build.0 = Release|Any CPU
	EndGlobalSection
	GlobalSection(SolutionProperties) = preSolution
		HideSolutionNode = FALSE
	EndGlobalSection
	GlobalSection(ExtensibilityGlobals) = postSolution
		SolutionGuid = {DFFC5EB9-B518-45F0-98DF-E68C541D312E}
	EndGlobalSection
EndGlobal
